// !$*UTF8*$!
{
	archiveVersion = 1;
	classes = {
	};
	objectVersion = 55;
	objects = {

/* Begin PBXBuildFile section */
		3D30252028B752E900E03B50 /* TodoFormViewModel.swift in Sources */ = {isa = PBXBuildFile; fileRef = 3D30251F28B752E900E03B50 /* TodoFormViewModel.swift */; };
		3D30252228B7543700E03B50 /* TodoFormView.swift in Sources */ = {isa = PBXBuildFile; fileRef = 3D30252128B7543700E03B50 /* TodoFormView.swift */; };
		3D30252428B75A2E00E03B50 /* ModalType.swift in Sources */ = {isa = PBXBuildFile; fileRef = 3D30252328B75A2E00E03B50 /* ModalType.swift */; };
		3D30252A28B7748100E03B50 /* FileManager.swift in Sources */ = {isa = PBXBuildFile; fileRef = 3D30252928B7748100E03B50 /* FileManager.swift */; };
		3D30252C28B77F3600E03B50 /* TodoError.swift in Sources */ = {isa = PBXBuildFile; fileRef = 3D30252B28B77F3600E03B50 /* TodoError.swift */; };
		3D30252E28B8A6A900E03B50 /* TodoAPI.swift in Sources */ = {isa = PBXBuildFile; fileRef = 3D30252D28B8A6A900E03B50 /* TodoAPI.swift */; };
		3D67B22128B6456C00A83D31 /* TodoAppApp.swift in Sources */ = {isa = PBXBuildFile; fileRef = 3D67B22028B6456C00A83D31 /* TodoAppApp.swift */; };
		3D67B22328B6456C00A83D31 /* ContentView.swift in Sources */ = {isa = PBXBuildFile; fileRef = 3D67B22228B6456C00A83D31 /* ContentView.swift */; };
		3D67B22528B6456E00A83D31 /* Assets.xcassets in Resources */ = {isa = PBXBuildFile; fileRef = 3D67B22428B6456E00A83D31 /* Assets.xcassets */; };
		3D67B22828B6456E00A83D31 /* Preview Assets.xcassets in Resources */ = {isa = PBXBuildFile; fileRef = 3D67B22728B6456E00A83D31 /* Preview Assets.xcassets */; };
		3D67B22A28B6456E00A83D31 /* Persistence.swift in Sources */ = {isa = PBXBuildFile; fileRef = 3D67B22928B6456E00A83D31 /* Persistence.swift */; };
		3D67B22D28B6456E00A83D31 /* TodoApp.xcdatamodeld in Sources */ = {isa = PBXBuildFile; fileRef = 3D67B22B28B6456E00A83D31 /* TodoApp.xcdatamodeld */; };
		3D67B23728B6456E00A83D31 /* TodoAppTests.swift in Sources */ = {isa = PBXBuildFile; fileRef = 3D67B23628B6456E00A83D31 /* TodoAppTests.swift */; };
		3D67B24128B6456E00A83D31 /* TodoAppUITests.swift in Sources */ = {isa = PBXBuildFile; fileRef = 3D67B24028B6456E00A83D31 /* TodoAppUITests.swift */; };
		3D67B24328B6456E00A83D31 /* TodoAppUITestsLaunchTests.swift in Sources */ = {isa = PBXBuildFile; fileRef = 3D67B24228B6456E00A83D31 /* TodoAppUITestsLaunchTests.swift */; };
		3D67B25028B7353A00A83D31 /* Todo.swift in Sources */ = {isa = PBXBuildFile; fileRef = 3D67B24F28B7353A00A83D31 /* Todo.swift */; };
		3D67B25228B7379000A83D31 /* DataStore.swift in Sources */ = {isa = PBXBuildFile; fileRef = 3D67B25128B7379000A83D31 /* DataStore.swift */; };
		3D67B25428B73A9E00A83D31 /* TodoView.swift in Sources */ = {isa = PBXBuildFile; fileRef = 3D67B25328B73A9E00A83D31 /* TodoView.swift */; };
/* End PBXBuildFile section */

/* Begin PBXContainerItemProxy section */
		3D67B23328B6456E00A83D31 /* PBXContainerItemProxy */ = {
			isa = PBXContainerItemProxy;
			containerPortal = 3D67B21528B6456C00A83D31 /* Project object */;
			proxyType = 1;
			remoteGlobalIDString = 3D67B21C28B6456C00A83D31;
			remoteInfo = TodoApp;
		};
		3D67B23D28B6456E00A83D31 /* PBXContainerItemProxy */ = {
			isa = PBXContainerItemProxy;
			containerPortal = 3D67B21528B6456C00A83D31 /* Project object */;
			proxyType = 1;
			remoteGlobalIDString = 3D67B21C28B6456C00A83D31;
			remoteInfo = TodoApp;
		};
/* End PBXContainerItemProxy section */

/* Begin PBXFileReference section */
		3D30251F28B752E900E03B50 /* TodoFormViewModel.swift */ = {isa = PBXFileReference; lastKnownFileType = sourcecode.swift; path = TodoFormViewModel.swift; sourceTree = "<group>"; };
		3D30252128B7543700E03B50 /* TodoFormView.swift */ = {isa = PBXFileReference; lastKnownFileType = sourcecode.swift; path = TodoFormView.swift; sourceTree = "<group>"; };
		3D30252328B75A2E00E03B50 /* ModalType.swift */ = {isa = PBXFileReference; lastKnownFileType = sourcecode.swift; path = ModalType.swift; sourceTree = "<group>"; };
		3D30252928B7748100E03B50 /* FileManager.swift */ = {isa = PBXFileReference; lastKnownFileType = sourcecode.swift; path = FileManager.swift; sourceTree = "<group>"; };
		3D30252B28B77F3600E03B50 /* TodoError.swift */ = {isa = PBXFileReference; lastKnownFileType = sourcecode.swift; path = TodoError.swift; sourceTree = "<group>"; };
		3D30252D28B8A6A900E03B50 /* TodoAPI.swift */ = {isa = PBXFileReference; lastKnownFileType = sourcecode.swift; path = TodoAPI.swift; sourceTree = "<group>"; };
		3D67B21D28B6456C00A83D31 /* TodoApp.app */ = {isa = PBXFileReference; explicitFileType = wrapper.application; includeInIndex = 0; path = TodoApp.app; sourceTree = BUILT_PRODUCTS_DIR; };
		3D67B22028B6456C00A83D31 /* TodoAppApp.swift */ = {isa = PBXFileReference; lastKnownFileType = sourcecode.swift; path = TodoAppApp.swift; sourceTree = "<group>"; };
		3D67B22228B6456C00A83D31 /* ContentView.swift */ = {isa = PBXFileReference; lastKnownFileType = sourcecode.swift; path = ContentView.swift; sourceTree = "<group>"; };
		3D67B22428B6456E00A83D31 /* Assets.xcassets */ = {isa = PBXFileReference; lastKnownFileType = folder.assetcatalog; path = Assets.xcassets; sourceTree = "<group>"; };
		3D67B22728B6456E00A83D31 /* Preview Assets.xcassets */ = {isa = PBXFileReference; lastKnownFileType = folder.assetcatalog; path = "Preview Assets.xcassets"; sourceTree = "<group>"; };
		3D67B22928B6456E00A83D31 /* Persistence.swift */ = {isa = PBXFileReference; lastKnownFileType = sourcecode.swift; path = Persistence.swift; sourceTree = "<group>"; };
		3D67B22C28B6456E00A83D31 /* TodoApp.xcdatamodel */ = {isa = PBXFileReference; lastKnownFileType = wrapper.xcdatamodel; path = TodoApp.xcdatamodel; sourceTree = "<group>"; };
		3D67B23228B6456E00A83D31 /* TodoAppTests.xctest */ = {isa = PBXFileReference; explicitFileType = wrapper.cfbundle; includeInIndex = 0; path = TodoAppTests.xctest; sourceTree = BUILT_PRODUCTS_DIR; };
		3D67B23628B6456E00A83D31 /* TodoAppTests.swift */ = {isa = PBXFileReference; lastKnownFileType = sourcecode.swift; path = TodoAppTests.swift; sourceTree = "<group>"; };
		3D67B23C28B6456E00A83D31 /* TodoAppUITests.xctest */ = {isa = PBXFileReference; explicitFileType = wrapper.cfbundle; includeInIndex = 0; path = TodoAppUITests.xctest; sourceTree = BUILT_PRODUCTS_DIR; };
		3D67B24028B6456E00A83D31 /* TodoAppUITests.swift */ = {isa = PBXFileReference; lastKnownFileType = sourcecode.swift; path = TodoAppUITests.swift; sourceTree = "<group>"; };
		3D67B24228B6456E00A83D31 /* TodoAppUITestsLaunchTests.swift */ = {isa = PBXFileReference; lastKnownFileType = sourcecode.swift; path = TodoAppUITestsLaunchTests.swift; sourceTree = "<group>"; };
		3D67B24F28B7353A00A83D31 /* Todo.swift */ = {isa = PBXFileReference; lastKnownFileType = sourcecode.swift; path = Todo.swift; sourceTree = "<group>"; };
		3D67B25128B7379000A83D31 /* DataStore.swift */ = {isa = PBXFileReference; lastKnownFileType = sourcecode.swift; path = DataStore.swift; sourceTree = "<group>"; };
		3D67B25328B73A9E00A83D31 /* TodoView.swift */ = {isa = PBXFileReference; lastKnownFileType = sourcecode.swift; path = TodoView.swift; sourceTree = "<group>"; };
/* End PBXFileReference section */

/* Begin PBXFrameworksBuildPhase section */
		3D67B21A28B6456C00A83D31 /* Frameworks */ = {
			isa = PBXFrameworksBuildPhase;
			buildActionMask = 2147483647;
			files = (
			);
			runOnlyForDeploymentPostprocessing = 0;
		};
		3D67B22F28B6456E00A83D31 /* Frameworks */ = {
			isa = PBXFrameworksBuildPhase;
			buildActionMask = 2147483647;
			files = (
			);
			runOnlyForDeploymentPostprocessing = 0;
		};
		3D67B23928B6456E00A83D31 /* Frameworks */ = {
			isa = PBXFrameworksBuildPhase;
			buildActionMask = 2147483647;
			files = (
			);
			runOnlyForDeploymentPostprocessing = 0;
		};
/* End PBXFrameworksBuildPhase section */

/* Begin PBXGroup section */
		3D30252528B7711A00E03B50 /* Views */ = {
			isa = PBXGroup;
			children = (
				3D67B25328B73A9E00A83D31 /* TodoView.swift */,
				3D30252128B7543700E03B50 /* TodoFormView.swift */,
				3D67B22228B6456C00A83D31 /* ContentView.swift */,
			);
			path = Views;
			sourceTree = "<group>";
		};
		3D30252628B7714500E03B50 /* ViewModels */ = {
			isa = PBXGroup;
			children = (
				3D67B25128B7379000A83D31 /* DataStore.swift */,
				3D30251F28B752E900E03B50 /* TodoFormViewModel.swift */,
				3D30252D28B8A6A900E03B50 /* TodoAPI.swift */,
			);
			path = ViewModels;
			sourceTree = "<group>";
		};
		3D30252728B7715900E03B50 /* Models */ = {
			isa = PBXGroup;
			children = (
				3D67B24F28B7353A00A83D31 /* Todo.swift */,
				3D30252328B75A2E00E03B50 /* ModalType.swift */,
				3D30252B28B77F3600E03B50 /* TodoError.swift */,
			);
			path = Models;
			sourceTree = "<group>";
		};
		3D30252828B773F800E03B50 /* Extensions */ = {
			isa = PBXGroup;
			children = (
				3D30252928B7748100E03B50 /* FileManager.swift */,
			);
			path = Extensions;
			sourceTree = "<group>";
		};
		3D67B21428B6456C00A83D31 = {
			isa = PBXGroup;
			children = (
				3D67B21F28B6456C00A83D31 /* TodoApp */,
				3D67B23528B6456E00A83D31 /* TodoAppTests */,
				3D67B23F28B6456E00A83D31 /* TodoAppUITests */,
				3D67B21E28B6456C00A83D31 /* Products */,
			);
			sourceTree = "<group>";
		};
		3D67B21E28B6456C00A83D31 /* Products */ = {
			isa = PBXGroup;
			children = (
				3D67B21D28B6456C00A83D31 /* TodoApp.app */,
				3D67B23228B6456E00A83D31 /* TodoAppTests.xctest */,
				3D67B23C28B6456E00A83D31 /* TodoAppUITests.xctest */,
			);
			name = Products;
			sourceTree = "<group>";
		};
		3D67B21F28B6456C00A83D31 /* TodoApp */ = {
			isa = PBXGroup;
			children = (
				3D30252828B773F800E03B50 /* Extensions */,
				3D30252728B7715900E03B50 /* Models */,
				3D30252628B7714500E03B50 /* ViewModels */,
				3D30252528B7711A00E03B50 /* Views */,
				3D67B22028B6456C00A83D31 /* TodoAppApp.swift */,
				3D67B22428B6456E00A83D31 /* Assets.xcassets */,
				3D67B22928B6456E00A83D31 /* Persistence.swift */,
				3D67B22B28B6456E00A83D31 /* TodoApp.xcdatamodeld */,
				3D67B22628B6456E00A83D31 /* Preview Content */,
			);
			path = TodoApp;
			sourceTree = "<group>";
		};
		3D67B22628B6456E00A83D31 /* Preview Content */ = {
			isa = PBXGroup;
			children = (
				3D67B22728B6456E00A83D31 /* Preview Assets.xcassets */,
			);
			path = "Preview Content";
			sourceTree = "<group>";
		};
		3D67B23528B6456E00A83D31 /* TodoAppTests */ = {
			isa = PBXGroup;
			children = (
				3D67B23628B6456E00A83D31 /* TodoAppTests.swift */,
			);
			path = TodoAppTests;
			sourceTree = "<group>";
		};
		3D67B23F28B6456E00A83D31 /* TodoAppUITests */ = {
			isa = PBXGroup;
			children = (
				3D67B24028B6456E00A83D31 /* TodoAppUITests.swift */,
				3D67B24228B6456E00A83D31 /* TodoAppUITestsLaunchTests.swift */,
			);
			path = TodoAppUITests;
			sourceTree = "<group>";
		};
/* End PBXGroup section */

/* Begin PBXNativeTarget section */
		3D67B21C28B6456C00A83D31 /* TodoApp */ = {
			isa = PBXNativeTarget;
			buildConfigurationList = 3D67B24628B6456E00A83D31 /* Build configuration list for PBXNativeTarget "TodoApp" */;
			buildPhases = (
				3D67B21928B6456C00A83D31 /* Sources */,
				3D67B21A28B6456C00A83D31 /* Frameworks */,
				3D67B21B28B6456C00A83D31 /* Resources */,
			);
			buildRules = (
			);
			dependencies = (
			);
			name = TodoApp;
			productName = TodoApp;
			productReference = 3D67B21D28B6456C00A83D31 /* TodoApp.app */;
			productType = "com.apple.product-type.application";
		};
		3D67B23128B6456E00A83D31 /* TodoAppTests */ = {
			isa = PBXNativeTarget;
			buildConfigurationList = 3D67B24928B6456E00A83D31 /* Build configuration list for PBXNativeTarget "TodoAppTests" */;
			buildPhases = (
				3D67B22E28B6456E00A83D31 /* Sources */,
				3D67B22F28B6456E00A83D31 /* Frameworks */,
				3D67B23028B6456E00A83D31 /* Resources */,
			);
			buildRules = (
			);
			dependencies = (
				3D67B23428B6456E00A83D31 /* PBXTargetDependency */,
			);
			name = TodoAppTests;
			productName = TodoAppTests;
			productReference = 3D67B23228B6456E00A83D31 /* TodoAppTests.xctest */;
			productType = "com.apple.product-type.bundle.unit-test";
		};
		3D67B23B28B6456E00A83D31 /* TodoAppUITests */ = {
			isa = PBXNativeTarget;
			buildConfigurationList = 3D67B24C28B6456E00A83D31 /* Build configuration list for PBXNativeTarget "TodoAppUITests" */;
			buildPhases = (
				3D67B23828B6456E00A83D31 /* Sources */,
				3D67B23928B6456E00A83D31 /* Frameworks */,
				3D67B23A28B6456E00A83D31 /* Resources */,
			);
			buildRules = (
			);
			dependencies = (
				3D67B23E28B6456E00A83D31 /* PBXTargetDependency */,
			);
			name = TodoAppUITests;
			productName = TodoAppUITests;
			productReference = 3D67B23C28B6456E00A83D31 /* TodoAppUITests.xctest */;
			productType = "com.apple.product-type.bundle.ui-testing";
		};
/* End PBXNativeTarget section */

/* Begin PBXProject section */
		3D67B21528B6456C00A83D31 /* Project object */ = {
			isa = PBXProject;
			attributes = {
				BuildIndependentTargetsInParallel = 1;
				LastSwiftUpdateCheck = 1340;
				LastUpgradeCheck = 1340;
				TargetAttributes = {
					3D67B21C28B6456C00A83D31 = {
						CreatedOnToolsVersion = 13.4.1;
					};
					3D67B23128B6456E00A83D31 = {
						CreatedOnToolsVersion = 13.4.1;
						TestTargetID = 3D67B21C28B6456C00A83D31;
					};
					3D67B23B28B6456E00A83D31 = {
						CreatedOnToolsVersion = 13.4.1;
						TestTargetID = 3D67B21C28B6456C00A83D31;
					};
				};
			};
			buildConfigurationList = 3D67B21828B6456C00A83D31 /* Build configuration list for PBXProject "TodoApp" */;
			compatibilityVersion = "Xcode 13.0";
			developmentRegion = en;
			hasScannedForEncodings = 0;
			knownRegions = (
				en,
				Base,
			);
			mainGroup = 3D67B21428B6456C00A83D31;
			productRefGroup = 3D67B21E28B6456C00A83D31 /* Products */;
			projectDirPath = "";
			projectRoot = "";
			targets = (
				3D67B21C28B6456C00A83D31 /* TodoApp */,
				3D67B23128B6456E00A83D31 /* TodoAppTests */,
				3D67B23B28B6456E00A83D31 /* TodoAppUITests */,
			);
		};
/* End PBXProject section */

/* Begin PBXResourcesBuildPhase section */
		3D67B21B28B6456C00A83D31 /* Resources */ = {
			isa = PBXResourcesBuildPhase;
			buildActionMask = 2147483647;
			files = (
				3D67B22828B6456E00A83D31 /* Preview Assets.xcassets in Resources */,
				3D67B22528B6456E00A83D31 /* Assets.xcassets in Resources */,
			);
			runOnlyForDeploymentPostprocessing = 0;
		};
		3D67B23028B6456E00A83D31 /* Resources */ = {
			isa = PBXResourcesBuildPhase;
			buildActionMask = 2147483647;
			files = (
			);
			runOnlyForDeploymentPostprocessing = 0;
		};
		3D67B23A28B6456E00A83D31 /* Resources */ = {
			isa = PBXResourcesBuildPhase;
			buildActionMask = 2147483647;
			files = (
			);
			runOnlyForDeploymentPostprocessing = 0;
		};
/* End PBXResourcesBuildPhase section */

/* Begin PBXSourcesBuildPhase section */
		3D67B21928B6456C00A83D31 /* Sources */ = {
			isa = PBXSourcesBuildPhase;
			buildActionMask = 2147483647;
			files = (
				3D30252028B752E900E03B50 /* TodoFormViewModel.swift in Sources */,
				3D67B22A28B6456E00A83D31 /* Persistence.swift in Sources */,
				3D67B25228B7379000A83D31 /* DataStore.swift in Sources */,
				3D67B25428B73A9E00A83D31 /* TodoView.swift in Sources */,
				3D67B22328B6456C00A83D31 /* ContentView.swift in Sources */,
				3D30252428B75A2E00E03B50 /* ModalType.swift in Sources */,
				3D67B22128B6456C00A83D31 /* TodoAppApp.swift in Sources */,
				3D30252A28B7748100E03B50 /* FileManager.swift in Sources */,
				3D30252E28B8A6A900E03B50 /* TodoAPI.swift in Sources */,
				3D67B22D28B6456E00A83D31 /* TodoApp.xcdatamodeld in Sources */,
				3D67B25028B7353A00A83D31 /* Todo.swift in Sources */,
				3D30252C28B77F3600E03B50 /* TodoError.swift in Sources */,
				3D30252228B7543700E03B50 /* TodoFormView.swift in Sources */,
			);
			runOnlyForDeploymentPostprocessing = 0;
		};
		3D67B22E28B6456E00A83D31 /* Sources */ = {
			isa = PBXSourcesBuildPhase;
			buildActionMask = 2147483647;
			files = (
				3D67B23728B6456E00A83D31 /* TodoAppTests.swift in Sources */,
			);
			runOnlyForDeploymentPostprocessing = 0;
		};
		3D67B23828B6456E00A83D31 /* Sources */ = {
			isa = PBXSourcesBuildPhase;
			buildActionMask = 2147483647;
			files = (
				3D67B24328B6456E00A83D31 /* TodoAppUITestsLaunchTests.swift in Sources */,
				3D67B24128B6456E00A83D31 /* TodoAppUITests.swift in Sources */,
			);
			runOnlyForDeploymentPostprocessing = 0;
		};
/* End PBXSourcesBuildPhase section */

/* Begin PBXTargetDependency section */
		3D67B23428B6456E00A83D31 /* PBXTargetDependency */ = {
			isa = PBXTargetDependency;
			target = 3D67B21C28B6456C00A83D31 /* TodoApp */;
			targetProxy = 3D67B23328B6456E00A83D31 /* PBXContainerItemProxy */;
		};
		3D67B23E28B6456E00A83D31 /* PBXTargetDependency */ = {
			isa = PBXTargetDependency;
			target = 3D67B21C28B6456C00A83D31 /* TodoApp */;
			targetProxy = 3D67B23D28B6456E00A83D31 /* PBXContainerItemProxy */;
		};
/* End PBXTargetDependency section */

/* Begin XCBuildConfiguration section */
		3D67B24428B6456E00A83D31 /* Debug */ = {
			isa = XCBuildConfiguration;
			buildSettings = {
				ALWAYS_SEARCH_USER_PATHS = NO;
				CLANG_ANALYZER_NONNULL = YES;
				CLANG_ANALYZER_NUMBER_OBJECT_CONVERSION = YES_AGGRESSIVE;
				CLANG_CXX_LANGUAGE_STANDARD = "gnu++17";
				CLANG_ENABLE_MODULES = YES;
				CLANG_ENABLE_OBJC_ARC = YES;
				CLANG_ENABLE_OBJC_WEAK = YES;
				CLANG_WARN_BLOCK_CAPTURE_AUTORELEASING = YES;
				CLANG_WARN_BOOL_CONVERSION = YES;
				CLANG_WARN_COMMA = YES;
				CLANG_WARN_CONSTANT_CONVERSION = YES;
				CLANG_WARN_DEPRECATED_OBJC_IMPLEMENTATIONS = YES;
				CLANG_WARN_DIRECT_OBJC_ISA_USAGE = YES_ERROR;
				CLANG_WARN_DOCUMENTATION_COMMENTS = YES;
				CLANG_WARN_EMPTY_BODY = YES;
				CLANG_WARN_ENUM_CONVERSION = YES;
				CLANG_WARN_INFINITE_RECURSION = YES;
				CLANG_WARN_INT_CONVERSION = YES;
				CLANG_WARN_NON_LITERAL_NULL_CONVERSION = YES;
				CLANG_WARN_OBJC_IMPLICIT_RETAIN_SELF = YES;
				CLANG_WARN_OBJC_LITERAL_CONVERSION = YES;
				CLANG_WARN_OBJC_ROOT_CLASS = YES_ERROR;
				CLANG_WARN_QUOTED_INCLUDE_IN_FRAMEWORK_HEADER = YES;
				CLANG_WARN_RANGE_LOOP_ANALYSIS = YES;
				CLANG_WARN_STRICT_PROTOTYPES = YES;
				CLANG_WARN_SUSPICIOUS_MOVE = YES;
				CLANG_WARN_UNGUARDED_AVAILABILITY = YES_AGGRESSIVE;
				CLANG_WARN_UNREACHABLE_CODE = YES;
				CLANG_WARN__DUPLICATE_METHOD_MATCH = YES;
				COPY_PHASE_STRIP = NO;
				DEBUG_INFORMATION_FORMAT = dwarf;
				ENABLE_STRICT_OBJC_MSGSEND = YES;
				ENABLE_TESTABILITY = YES;
				GCC_C_LANGUAGE_STANDARD = gnu11;
				GCC_DYNAMIC_NO_PIC = NO;
				GCC_NO_COMMON_BLOCKS = YES;
				GCC_OPTIMIZATION_LEVEL = 0;
				GCC_PREPROCESSOR_DEFINITIONS = (
					"DEBUG=1",
					"$(inherited)",
				);
				GCC_WARN_64_TO_32_BIT_CONVERSION = YES;
				GCC_WARN_ABOUT_RETURN_TYPE = YES_ERROR;
				GCC_WARN_UNDECLARED_SELECTOR = YES;
				GCC_WARN_UNINITIALIZED_AUTOS = YES_AGGRESSIVE;
				GCC_WARN_UNUSED_FUNCTION = YES;
				GCC_WARN_UNUSED_VARIABLE = YES;
				IPHONEOS_DEPLOYMENT_TARGET = 15.5;
				MTL_ENABLE_DEBUG_INFO = INCLUDE_SOURCE;
				MTL_FAST_MATH = YES;
				ONLY_ACTIVE_ARCH = YES;
				SDKROOT = iphoneos;
				SWIFT_ACTIVE_COMPILATION_CONDITIONS = DEBUG;
				SWIFT_OPTIMIZATION_LEVEL = "-Onone";
			};
			name = Debug;
		};
		3D67B24528B6456E00A83D31 /* Release */ = {
			isa = XCBuildConfiguration;
			buildSettings = {
				ALWAYS_SEARCH_USER_PATHS = NO;
				CLANG_ANALYZER_NONNULL = YES;
				CLANG_ANALYZER_NUMBER_OBJECT_CONVERSION = YES_AGGRESSIVE;
				CLANG_CXX_LANGUAGE_STANDARD = "gnu++17";
				CLANG_ENABLE_MODULES = YES;
				CLANG_ENABLE_OBJC_ARC = YES;
				CLANG_ENABLE_OBJC_WEAK = YES;
				CLANG_WARN_BLOCK_CAPTURE_AUTORELEASING = YES;
				CLANG_WARN_BOOL_CONVERSION = YES;
				CLANG_WARN_COMMA = YES;
				CLANG_WARN_CONSTANT_CONVERSION = YES;
				CLANG_WARN_DEPRECATED_OBJC_IMPLEMENTATIONS = YES;
				CLANG_WARN_DIRECT_OBJC_ISA_USAGE = YES_ERROR;
				CLANG_WARN_DOCUMENTATION_COMMENTS = YES;
				CLANG_WARN_EMPTY_BODY = YES;
				CLANG_WARN_ENUM_CONVERSION = YES;
				CLANG_WARN_INFINITE_RECURSION = YES;
				CLANG_WARN_INT_CONVERSION = YES;
				CLANG_WARN_NON_LITERAL_NULL_CONVERSION = YES;
				CLANG_WARN_OBJC_IMPLICIT_RETAIN_SELF = YES;
				CLANG_WARN_OBJC_LITERAL_CONVERSION = YES;
				CLANG_WARN_OBJC_ROOT_CLASS = YES_ERROR;
				CLANG_WARN_QUOTED_INCLUDE_IN_FRAMEWORK_HEADER = YES;
				CLANG_WARN_RANGE_LOOP_ANALYSIS = YES;
				CLANG_WARN_STRICT_PROTOTYPES = YES;
				CLANG_WARN_SUSPICIOUS_MOVE = YES;
				CLANG_WARN_UNGUARDED_AVAILABILITY = YES_AGGRESSIVE;
				CLANG_WARN_UNREACHABLE_CODE = YES;
				CLANG_WARN__DUPLICATE_METHOD_MATCH = YES;
				COPY_PHASE_STRIP = NO;
				DEBUG_INFORMATION_FORMAT = "dwarf-with-dsym";
				ENABLE_NS_ASSERTIONS = NO;
				ENABLE_STRICT_OBJC_MSGSEND = YES;
				GCC_C_LANGUAGE_STANDARD = gnu11;
				GCC_NO_COMMON_BLOCKS = YES;
				GCC_WARN_64_TO_32_BIT_CONVERSION = YES;
				GCC_WARN_ABOUT_RETURN_TYPE = YES_ERROR;
				GCC_WARN_UNDECLARED_SELECTOR = YES;
				GCC_WARN_UNINITIALIZED_AUTOS = YES_AGGRESSIVE;
				GCC_WARN_UNUSED_FUNCTION = YES;
				GCC_WARN_UNUSED_VARIABLE = YES;
				IPHONEOS_DEPLOYMENT_TARGET = 15.5;
				MTL_ENABLE_DEBUG_INFO = NO;
				MTL_FAST_MATH = YES;
				SDKROOT = iphoneos;
				SWIFT_COMPILATION_MODE = wholemodule;
				SWIFT_OPTIMIZATION_LEVEL = "-O";
				VALIDATE_PRODUCT = YES;
			};
			name = Release;
		};
		3D67B24728B6456E00A83D31 /* Debug */ = {
			isa = XCBuildConfiguration;
			buildSettings = {
				ASSETCATALOG_COMPILER_APPICON_NAME = AppIcon;
				ASSETCATALOG_COMPILER_GLOBAL_ACCENT_COLOR_NAME = AccentColor;
				CODE_SIGN_STYLE = Automatic;
				CURRENT_PROJECT_VERSION = 1;
				DEVELOPMENT_ASSET_PATHS = "\"TodoApp/Preview Content\"";
				ENABLE_PREVIEWS = YES;
				GENERATE_INFOPLIST_FILE = YES;
				INFOPLIST_KEY_UIApplicationSceneManifest_Generation = YES;
				INFOPLIST_KEY_UIApplicationSupportsIndirectInputEvents = YES;
				INFOPLIST_KEY_UILaunchScreen_Generation = YES;
				INFOPLIST_KEY_UISupportedInterfaceOrientations_iPad = "UIInterfaceOrientationPortrait UIInterfaceOrientationPortraitUpsideDown UIInterfaceOrientationLandscapeLeft UIInterfaceOrientationLandscapeRight";
				INFOPLIST_KEY_UISupportedInterfaceOrientations_iPhone = "UIInterfaceOrientationPortrait UIInterfaceOrientationLandscapeLeft UIInterfaceOrientationLandscapeRight";
				LD_RUNPATH_SEARCH_PATHS = (
					"$(inherited)",
					"@executable_path/Frameworks",
				);
				MARKETING_VERSION = 1.0;
				PRODUCT_BUNDLE_IDENTIFIER = com.example.apple.TodoApp;
				PRODUCT_NAME = "$(TARGET_NAME)";
				SWIFT_EMIT_LOC_STRINGS = YES;
				SWIFT_VERSION = 5.0;
				TARGETED_DEVICE_FAMILY = "1,2";
			};
			name = Debug;
		};
		3D67B24828B6456E00A83D31 /* Release */ = {
			isa = XCBuildConfiguration;
			buildSettings = {
				ASSETCATALOG_COMPILER_APPICON_NAME = AppIcon;
				ASSETCATALOG_COMPILER_GLOBAL_ACCENT_COLOR_NAME = AccentColor;
				CODE_SIGN_STYLE = Automatic;
				CURRENT_PROJECT_VERSION = 1;
				DEVELOPMENT_ASSET_PATHS = "\"TodoApp/Preview Content\"";
				ENABLE_PREVIEWS = YES;
				GENERATE_INFOPLIST_FILE = YES;
				INFOPLIST_KEY_UIApplicationSceneManifest_Generation = YES;
				INFOPLIST_KEY_UIApplicationSupportsIndirectInputEvents = YES;
				INFOPLIST_KEY_UILaunchScreen_Generation = YES;
				INFOPLIST_KEY_UISupportedInterfaceOrientations_iPad = "UIInterfaceOrientationPortrait UIInterfaceOrientationPortraitUpsideDown UIInterfaceOrientationLandscapeLeft UIInterfaceOrientationLandscapeRight";
				INFOPLIST_KEY_UISupportedInterfaceOrientations_iPhone = "UIInterfaceOrientationPortrait UIInterfaceOrientationLandscapeLeft UIInterfaceOrientationLandscapeRight";
				LD_RUNPATH_SEARCH_PATHS = (
					"$(inherited)",
					"@executable_path/Frameworks",
				);
				MARKETING_VERSION = 1.0;
				PRODUCT_BUNDLE_IDENTIFIER = com.example.apple.TodoApp;
				PRODUCT_NAME = "$(TARGET_NAME)";
				SWIFT_EMIT_LOC_STRINGS = YES;
				SWIFT_VERSION = 5.0;
				TARGETED_DEVICE_FAMILY = "1,2";
			};
			name = Release;
		};
		3D67B24A28B6456E00A83D31 /* Debug */ = {
			isa = XCBuildConfiguration;
			buildSettings = {
				ALWAYS_EMBED_SWIFT_STANDARD_LIBRARIES = YES;
				BUNDLE_LOADER = "$(TEST_HOST)";
				CODE_SIGN_STYLE = Automatic;
				CURRENT_PROJECT_VERSION = 1;
				GENERATE_INFOPLIST_FILE = YES;
				IPHONEOS_DEPLOYMENT_TARGET = 15.5;
				MARKETING_VERSION = 1.0;
				PRODUCT_BUNDLE_IDENTIFIER = com.example.apple.TodoAppTests;
				PRODUCT_NAME = "$(TARGET_NAME)";
				SWIFT_EMIT_LOC_STRINGS = NO;
				SWIFT_VERSION = 5.0;
				TARGETED_DEVICE_FAMILY = "1,2";
				TEST_HOST = "$(BUILT_PRODUCTS_DIR)/TodoApp.app/TodoApp";
			};
			name = Debug;
		};
		3D67B24B28B6456E00A83D31 /* Release */ = {
			isa = XCBuildConfiguration;
			buildSettings = {
				ALWAYS_EMBED_SWIFT_STANDARD_LIBRARIES = YES;
				BUNDLE_LOADER = "$(TEST_HOST)";
				CODE_SIGN_STYLE = Automatic;
				CURRENT_PROJECT_VERSION = 1;
				GENERATE_INFOPLIST_FILE = YES;
				IPHONEOS_DEPLOYMENT_TARGET = 15.5;
				MARKETING_VERSION = 1.0;
				PRODUCT_BUNDLE_IDENTIFIER = com.example.apple.TodoAppTests;
				PRODUCT_NAME = "$(TARGET_NAME)";
				SWIFT_EMIT_LOC_STRINGS = NO;
				SWIFT_VERSION = 5.0;
				TARGETED_DEVICE_FAMILY = "1,2";
				TEST_HOST = "$(BUILT_PRODUCTS_DIR)/TodoApp.app/TodoApp";
			};
			name = Release;
		};
		3D67B24D28B6456E00A83D31 /* Debug */ = {
			isa = XCBuildConfiguration;
			buildSettings = {
				ALWAYS_EMBED_SWIFT_STANDARD_LIBRARIES = YES;
				CODE_SIGN_STYLE = Automatic;
				CURRENT_PROJECT_VERSION = 1;
				GENERATE_INFOPLIST_FILE = YES;
				MARKETING_VERSION = 1.0;
				PRODUCT_BUNDLE_IDENTIFIER = com.example.apple.TodoAppUITests;
				PRODUCT_NAME = "$(TARGET_NAME)";
				SWIFT_EMIT_LOC_STRINGS = NO;
				SWIFT_VERSION = 5.0;
				TARGETED_DEVICE_FAMILY = "1,2";
				TEST_TARGET_NAME = TodoApp;
			};
			name = Debug;
		};
		3D67B24E28B6456E00A83D31 /* Release */ = {
			isa = XCBuildConfiguration;
			buildSettings = {
				ALWAYS_EMBED_SWIFT_STANDARD_LIBRARIES = YES;
				CODE_SIGN_STYLE = Automatic;
				CURRENT_PROJECT_VERSION = 1;
				GENERATE_INFOPLIST_FILE = YES;
				MARKETING_VERSION = 1.0;
				PRODUCT_BUNDLE_IDENTIFIER = com.example.apple.TodoAppUITests;
				PRODUCT_NAME = "$(TARGET_NAME)";
				SWIFT_EMIT_LOC_STRINGS = NO;
				SWIFT_VERSION = 5.0;
				TARGETED_DEVICE_FAMILY = "1,2";
				TEST_TARGET_NAME = TodoApp;
			};
			name = Release;
		};
/* End XCBuildConfiguration section */

/* Begin XCConfigurationList section */
		3D67B21828B6456C00A83D31 /* Build configuration list for PBXProject "TodoApp" */ = {
			isa = XCConfigurationList;
			buildConfigurations = (
				3D67B24428B6456E00A83D31 /* Debug */,
				3D67B24528B6456E00A83D31 /* Release */,
			);
			defaultConfigurationIsVisible = 0;
			defaultConfigurationName = Release;
		};
		3D67B24628B6456E00A83D31 /* Build configuration list for PBXNativeTarget "TodoApp" */ = {
			isa = XCConfigurationList;
			buildConfigurations = (
				3D67B24728B6456E00A83D31 /* Debug */,
				3D67B24828B6456E00A83D31 /* Release */,
			);
			defaultConfigurationIsVisible = 0;
			defaultConfigurationName = Release;
		};
		3D67B24928B6456E00A83D31 /* Build configuration list for PBXNativeTarget "TodoAppTests" */ = {
			isa = XCConfigurationList;
			buildConfigurations = (
				3D67B24A28B6456E00A83D31 /* Debug */,
				3D67B24B28B6456E00A83D31 /* Release */,
			);
			defaultConfigurationIsVisible = 0;
			defaultConfigurationName = Release;
		};
		3D67B24C28B6456E00A83D31 /* Build configuration list for PBXNativeTarget "TodoAppUITests" */ = {
			isa = XCConfigurationList;
			buildConfigurations = (
				3D67B24D28B6456E00A83D31 /* Debug */,
				3D67B24E28B6456E00A83D31 /* Release */,
			);
			defaultConfigurationIsVisible = 0;
			defaultConfigurationName = Release;
		};
/* End XCConfigurationList section */

/* Begin XCVersionGroup section */
		3D67B22B28B6456E00A83D31 /* TodoApp.xcdatamodeld */ = {
			isa = XCVersionGroup;
			children = (
				3D67B22C28B6456E00A83D31 /* TodoApp.xcdatamodel */,
			);
			currentVersion = 3D67B22C28B6456E00A83D31 /* TodoApp.xcdatamodel */;
			path = TodoApp.xcdatamodeld;
			sourceTree = "<group>";
			versionGroupType = wrapper.xcdatamodel;
		};
/* End XCVersionGroup section */
	};
	rootObject = 3D67B21528B6456C00A83D31 /* Project object */;
}
